
Microsoft Visual Studio Solution File, Format Version 12.00
# Visual Studio Version 17
VisualStudioVersion = 17.14.36203.30 d17.14
MinimumVisualStudioVersion = 10.0.40219.1
Project("{FAE04EC0-301F-11D3-BF4B-00C04F79EFBC}") = "LibraryManagement.API", "LibraryManagement.API.csproj", "{0E0B8F3C-B461-46FE-8C47-ECFCE585DD0F}"
EndProject
Project("{FAE04EC0-301F-11D3-BF4B-00C04F79EFBC}") = "LibraryManagement.DAL", "..\LibraryManagement.DAL\LibraryManagement.DAL.csproj", "{2B588107-722B-45A2-AEAD-171BBF8882B6}"
EndProject
Project("{FAE04EC0-301F-11D3-BF4B-00C04F79EFBC}") = "LibraryManagement.BLL", "..\LibraryManagement.BLL\LibraryManagement.BLL.csproj", "{2E28813D-64D2-46ED-AA26-7EA1EBCA940A}"
EndProject
Global
	GlobalSection(SolutionConfigurationPlatforms) = preSolution
		Debug|Any CPU = Debug|Any CPU
		Release|Any CPU = Release|Any CPU
	EndGlobalSection
	GlobalSection(ProjectConfigurationPlatforms) = postSolution
		{0E0B8F3C-B461-46FE-8C47-ECFCE585DD0F}.Debug|Any CPU.ActiveCfg = Debug|Any CPU
		{0E0B8F3C-B461-46FE-8C47-ECFCE585DD0F}.Debug|Any CPU.Build.0 = Debug|Any CPU
		{0E0B8F3C-B461-46FE-8C47-ECFCE585DD0F}.Release|Any CPU.ActiveCfg = Release|Any CPU
		{0E0B8F3C-B461-46FE-8C47-ECFCE585DD0F}.Release|Any CPU.Build.0 = Release|Any CPU
		{2B588107-722B-45A2-AEAD-171BBF8882B6}.Debug|Any CPU.ActiveCfg = Debug|Any CPU
		{2B588107-722B-45A2-AEAD-171BBF8882B6}.Debug|Any CPU.Build.0 = Debug|Any CPU
		{2B588107-722B-45A2-AEAD-171BBF8882B6}.Release|Any CPU.ActiveCfg = Release|Any CPU
		{2B588107-722B-45A2-AEAD-171BBF8882B6}.Release|Any CPU.Build.0 = Release|Any CPU
		{2E28813D-64D2-46ED-AA26-7EA1EBCA940A}.Debug|Any CPU.ActiveCfg = Debug|Any CPU
		{2E28813D-64D2-46ED-AA26-7EA1EBCA940A}.Debug|Any CPU.Build.0 = Debug|Any CPU
		{2E28813D-64D2-46ED-AA26-7EA1EBCA940A}.Release|Any CPU.ActiveCfg = Release|Any CPU
		{2E28813D-64D2-46ED-AA26-7EA1EBCA940A}.Release|Any CPU.Build.0 = Release|Any CPU
	EndGlobalSection
	GlobalSection(SolutionProperties) = preSolution
		HideSolutionNode = FALSE
	EndGlobalSection
	GlobalSection(ExtensibilityGlobals) = postSolution
		SolutionGuid = {7D67F015-0548-4A83-83F9-E4F6BACD1D85}
	EndGlobalSection
EndGlobal
